
Microsoft Visual Studio Solution File, Format Version 12.00
# Visual Studio 15
VisualStudioVersion = 15.0.28307.1082
MinimumVisualStudioVersion = 10.0.40219.1
Project("{FAE04EC0-301F-11D3-BF4B-00C04F79EFBC}") = "HealthyLineProject", "HealthyLineProject\HealthyLineProject.csproj", "{1E5A046F-AD70-4C84-9231-95397DF31FDC}"
EndProject
Project("{FAE04EC0-301F-11D3-BF4B-00C04F79EFBC}") = "DataAccessLayer", "DataAccessLayer\DataAccessLayer.csproj", "{3EEE0EC2-DC8E-4EDD-9DC2-504AB21698E4}"
EndProject
Project("{FAE04EC0-301F-11D3-BF4B-00C04F79EFBC}") = "BusinessLayer", "BusinessLayer\BusinessLayer.csproj", "{9A92574F-6F6F-4599-80E8-28868CBDADC7}"
EndProject
Global
	GlobalSection(SolutionConfigurationPlatforms) = preSolution
		Debug|Any CPU = Debug|Any CPU
		Release|Any CPU = Release|Any CPU
	EndGlobalSection
	GlobalSection(ProjectConfigurationPlatforms) = postSolution
		{1E5A046F-AD70-4C84-9231-95397DF31FDC}.Debug|Any CPU.ActiveCfg = Debug|Any CPU
		{1E5A046F-AD70-4C84-9231-95397DF31FDC}.Debug|Any CPU.Build.0 = Debug|Any CPU
		{1E5A046F-AD70-4C84-9231-95397DF31FDC}.Release|Any CPU.ActiveCfg = Release|Any CPU
		{1E5A046F-AD70-4C84-9231-95397DF31FDC}.Release|Any CPU.Build.0 = Release|Any CPU
		{3EEE0EC2-DC8E-4EDD-9DC2-504AB21698E4}.Debug|Any CPU.ActiveCfg = Debug|Any CPU
		{3EEE0EC2-DC8E-4EDD-9DC2-504AB21698E4}.Debug|Any CPU.Build.0 = Debug|Any CPU
		{3EEE0EC2-DC8E-4EDD-9DC2-504AB21698E4}.Release|Any CPU.ActiveCfg = Release|Any CPU
		{3EEE0EC2-DC8E-4EDD-9DC2-504AB21698E4}.Release|Any CPU.Build.0 = Release|Any CPU
		{9A92574F-6F6F-4599-80E8-28868CBDADC7}.Debug|Any CPU.ActiveCfg = Debug|Any CPU
		{9A92574F-6F6F-4599-80E8-28868CBDADC7}.Debug|Any CPU.Build.0 = Debug|Any CPU
		{9A92574F-6F6F-4599-80E8-28868CBDADC7}.Release|Any CPU.ActiveCfg = Release|Any CPU
		{9A92574F-6F6F-4599-80E8-28868CBDADC7}.Release|Any CPU.Build.0 = Release|Any CPU
	EndGlobalSection
	GlobalSection(SolutionProperties) = preSolution
		HideSolutionNode = FALSE
	EndGlobalSection
	GlobalSection(ExtensibilityGlobals) = postSolution
		SolutionGuid = {B5082496-A0AD-44B1-9661-CFD27298EF6B}
	EndGlobalSection
EndGlobal
